
Microsoft Visual Studio Solution File, Format Version 12.00
# Visual Studio 15
VisualStudioVersion = 15.0.28307.438
MinimumVisualStudioVersion = 10.0.40219.1
Project("{9092AA53-FB77-4645-B42D-1CCCA6BD08BD}") = "Bookmark", "Bookmark\Bookmark.njsproj", "{06CCACB8-5461-4702-828D-AB74F50DFE7D}"
EndProject
Global
	GlobalSection(SolutionConfigurationPlatforms) = preSolution
		Debug|Any CPU = Debug|Any CPU
		Release|Any CPU = Release|Any CPU
	EndGlobalSection
	GlobalSection(ProjectConfigurationPlatforms) = postSolution
		{06CCACB8-5461-4702-828D-AB74F50DFE7D}.Debug|Any CPU.ActiveCfg = Debug|Any CPU
		{06CCACB8-5461-4702-828D-AB74F50DFE7D}.Debug|Any CPU.Build.0 = Debug|Any CPU
		{06CCACB8-5461-4702-828D-AB74F50DFE7D}.Release|Any CPU.ActiveCfg = Release|Any CPU
		{06CCACB8-5461-4702-828D-AB74F50DFE7D}.Release|Any CPU.Build.0 = Release|Any CPU
	EndGlobalSection
	GlobalSection(SolutionProperties) = preSolution
		HideSolutionNode = FALSE
	EndGlobalSection
	GlobalSection(ExtensibilityGlobals) = postSolution
		SolutionGuid = {4F4B3625-FFD6-4E38-A948-6FEBC9493845}
	EndGlobalSection
EndGlobal
